// !$*UTF8*$!
{
	archiveVersion = 1;
	classes = {
	};
	objectVersion = 50;
	objects = {

/* Begin PBXBuildFile section */
		C1B62F4927B3C3B6006A69F9 /* AppDelegate.swift in Sources */ = {isa = PBXBuildFile; fileRef = C1B62F4827B3C3B6006A69F9 /* AppDelegate.swift */; };
		C1B62F4B27B3C3B6006A69F9 /* SceneDelegate.swift in Sources */ = {isa = PBXBuildFile; fileRef = C1B62F4A27B3C3B6006A69F9 /* SceneDelegate.swift */; };
		C1B62F4D27B3C3B6006A69F9 /* ViewController.swift in Sources */ = {isa = PBXBuildFile; fileRef = C1B62F4C27B3C3B6006A69F9 /* ViewController.swift */; };
		C1B62F5027B3C3B6006A69F9 /* Main.storyboard in Resources */ = {isa = PBXBuildFile; fileRef = C1B62F4E27B3C3B6006A69F9 /* Main.storyboard */; };
		C1B62F5227B3C3B8006A69F9 /* Assets.xcassets in Resources */ = {isa = PBXBuildFile; fileRef = C1B62F5127B3C3B8006A69F9 /* Assets.xcassets */; };
		C1B62F5527B3C3B8006A69F9 /* LaunchScreen.storyboard in Resources */ = {isa = PBXBuildFile; fileRef = C1B62F5327B3C3B8006A69F9 /* LaunchScreen.storyboard */; };
		C1B62F6027B3C3B8006A69F9 /* ChessTests.swift in Sources */ = {isa = PBXBuildFile; fileRef = C1B62F5F27B3C3B8006A69F9 /* ChessTests.swift */; };
		C1B62F6B27B3C3B8006A69F9 /* ChessUITests.swift in Sources */ = {isa = PBXBuildFile; fileRef = C1B62F6A27B3C3B8006A69F9 /* ChessUITests.swift */; };
/* End PBXBuildFile section */

/* Begin PBXContainerItemProxy section */
		C1B62F5C27B3C3B8006A69F9 /* PBXContainerItemProxy */ = {
			isa = PBXContainerItemProxy;
			containerPortal = C1B62F3D27B3C3B6006A69F9 /* Project object */;
			proxyType = 1;
			remoteGlobalIDString = C1B62F4427B3C3B6006A69F9;
			remoteInfo = Chess;
		};
		C1B62F6727B3C3B8006A69F9 /* PBXContainerItemProxy */ = {
			isa = PBXContainerItemProxy;
			containerPortal = C1B62F3D27B3C3B6006A69F9 /* Project object */;
			proxyType = 1;
			remoteGlobalIDString = C1B62F4427B3C3B6006A69F9;
			remoteInfo = Chess;
		};
/* End PBXContainerItemProxy section */

/* Begin PBXFileReference section */
		C1B62F4527B3C3B6006A69F9 /* Chess.app */ = {isa = PBXFileReference; explicitFileType = wrapper.application; includeInIndex = 0; path = Chess.app; sourceTree = BUILT_PRODUCTS_DIR; };
		C1B62F4827B3C3B6006A69F9 /* AppDelegate.swift */ = {isa = PBXFileReference; lastKnownFileType = sourcecode.swift; path = AppDelegate.swift; sourceTree = "<group>"; };
		C1B62F4A27B3C3B6006A69F9 /* SceneDelegate.swift */ = {isa = PBXFileReference; lastKnownFileType = sourcecode.swift; path = SceneDelegate.swift; sourceTree = "<group>"; };
		C1B62F4C27B3C3B6006A69F9 /* ViewController.swift */ = {isa = PBXFileReference; lastKnownFileType = sourcecode.swift; path = ViewController.swift; sourceTree = "<group>"; };
		C1B62F4F27B3C3B6006A69F9 /* Base */ = {isa = PBXFileReference; lastKnownFileType = file.storyboard; name = Base; path = Base.lproj/Main.storyboard; sourceTree = "<group>"; };
		C1B62F5127B3C3B8006A69F9 /* Assets.xcassets */ = {isa = PBXFileReference; lastKnownFileType = folder.assetcatalog; path = Assets.xcassets; sourceTree = "<group>"; };
		C1B62F5427B3C3B8006A69F9 /* Base */ = {isa = PBXFileReference; lastKnownFileType = file.storyboard; name = Base; path = Base.lproj/LaunchScreen.storyboard; sourceTree = "<group>"; };
		C1B62F5627B3C3B8006A69F9 /* Info.plist */ = {isa = PBXFileReference; lastKnownFileType = text.plist.xml; path = Info.plist; sourceTree = "<group>"; };
		C1B62F5B27B3C3B8006A69F9 /* ChessTests.xctest */ = {isa = PBXFileReference; explicitFileType = wrapper.cfbundle; includeInIndex = 0; path = ChessTests.xctest; sourceTree = BUILT_PRODUCTS_DIR; };
		C1B62F5F27B3C3B8006A69F9 /* ChessTests.swift */ = {isa = PBXFileReference; lastKnownFileType = sourcecode.swift; path = ChessTests.swift; sourceTree = "<group>"; };
		C1B62F6127B3C3B8006A69F9 /* Info.plist */ = {isa = PBXFileReference; lastKnownFileType = text.plist.xml; path = Info.plist; sourceTree = "<group>"; };
		C1B62F6627B3C3B8006A69F9 /* ChessUITests.xctest */ = {isa = PBXFileReference; explicitFileType = wrapper.cfbundle; includeInIndex = 0; path = ChessUITests.xctest; sourceTree = BUILT_PRODUCTS_DIR; };
		C1B62F6A27B3C3B8006A69F9 /* ChessUITests.swift */ = {isa = PBXFileReference; lastKnownFileType = sourcecode.swift; path = ChessUITests.swift; sourceTree = "<group>"; };
		C1B62F6C27B3C3B8006A69F9 /* Info.plist */ = {isa = PBXFileReference; lastKnownFileType = text.plist.xml; path = Info.plist; sourceTree = "<group>"; };
/* End PBXFileReference section */

/* Begin PBXFrameworksBuildPhase section */
		C1B62F4227B3C3B6006A69F9 /* Frameworks */ = {
			isa = PBXFrameworksBuildPhase;
			buildActionMask = 2147483647;
			files = (
			);
			runOnlyForDeploymentPostprocessing = 0;
		};
		C1B62F5827B3C3B8006A69F9 /* Frameworks */ = {
			isa = PBXFrameworksBuildPhase;
			buildActionMask = 2147483647;
			files = (
			);
			runOnlyForDeploymentPostprocessing = 0;
		};
		C1B62F6327B3C3B8006A69F9 /* Frameworks */ = {
			isa = PBXFrameworksBuildPhase;
			buildActionMask = 2147483647;
			files = (
			);
			runOnlyForDeploymentPostprocessing = 0;
		};
/* End PBXFrameworksBuildPhase section */

/* Begin PBXGroup section */
		C1B62F3C27B3C3B6006A69F9 = {
			isa = PBXGroup;
			children = (
				C1B62F4727B3C3B6006A69F9 /* Chess */,
				C1B62F5E27B3C3B8006A69F9 /* ChessTests */,
				C1B62F6927B3C3B8006A69F9 /* ChessUITests */,
				C1B62F4627B3C3B6006A69F9 /* Products */,
			);
			sourceTree = "<group>";
		};
		C1B62F4627B3C3B6006A69F9 /* Products */ = {
			isa = PBXGroup;
			children = (
				C1B62F4527B3C3B6006A69F9 /* Chess.app */,
				C1B62F5B27B3C3B8006A69F9 /* ChessTests.xctest */,
				C1B62F6627B3C3B8006A69F9 /* ChessUITests.xctest */,
			);
			name = Products;
			sourceTree = "<group>";
		};
		C1B62F4727B3C3B6006A69F9 /* Chess */ = {
			isa = PBXGroup;
			children = (
				C1B62F4827B3C3B6006A69F9 /* AppDelegate.swift */,
				C1B62F4A27B3C3B6006A69F9 /* SceneDelegate.swift */,
				C1B62F4C27B3C3B6006A69F9 /* ViewController.swift */,
				C1B62F4E27B3C3B6006A69F9 /* Main.storyboard */,
				C1B62F5127B3C3B8006A69F9 /* Assets.xcassets */,
				C1B62F5327B3C3B8006A69F9 /* LaunchScreen.storyboard */,
				C1B62F5627B3C3B8006A69F9 /* Info.plist */,
			);
			path = Chess;
			sourceTree = "<group>";
		};
		C1B62F5E27B3C3B8006A69F9 /* ChessTests */ = {
			isa = PBXGroup;
			children = (
				C1B62F5F27B3C3B8006A69F9 /* ChessTests.swift */,
				C1B62F6127B3C3B8006A69F9 /* Info.plist */,
			);
			path = ChessTests;
			sourceTree = "<group>";
		};
		C1B62F6927B3C3B8006A69F9 /* ChessUITests */ = {
			isa = PBXGroup;
			children = (
				C1B62F6A27B3C3B8006A69F9 /* ChessUITests.swift */,
				C1B62F6C27B3C3B8006A69F9 /* Info.plist */,
			);
			path = ChessUITests;
			sourceTree = "<group>";
		};
/* End PBXGroup section */

/* Begin PBXNativeTarget section */
		C1B62F4427B3C3B6006A69F9 /* Chess */ = {
			isa = PBXNativeTarget;
			buildConfigurationList = C1B62F6F27B3C3B8006A69F9 /* Build configuration list for PBXNativeTarget "Chess" */;
			buildPhases = (
				C1B62F4127B3C3B6006A69F9 /* Sources */,
				C1B62F4227B3C3B6006A69F9 /* Frameworks */,
				C1B62F4327B3C3B6006A69F9 /* Resources */,
			);
			buildRules = (
			);
			dependencies = (
			);
			name = Chess;
			productName = Chess;
			productReference = C1B62F4527B3C3B6006A69F9 /* Chess.app */;
			productType = "com.apple.product-type.application";
		};
		C1B62F5A27B3C3B8006A69F9 /* ChessTests */ = {
			isa = PBXNativeTarget;
			buildConfigurationList = C1B62F7227B3C3B8006A69F9 /* Build configuration list for PBXNativeTarget "ChessTests" */;
			buildPhases = (
				C1B62F5727B3C3B8006A69F9 /* Sources */,
				C1B62F5827B3C3B8006A69F9 /* Frameworks */,
				C1B62F5927B3C3B8006A69F9 /* Resources */,
			);
			buildRules = (
			);
			dependencies = (
				C1B62F5D27B3C3B8006A69F9 /* PBXTargetDependency */,
			);
			name = ChessTests;
			productName = ChessTests;
			productReference = C1B62F5B27B3C3B8006A69F9 /* ChessTests.xctest */;
			productType = "com.apple.product-type.bundle.unit-test";
		};
		C1B62F6527B3C3B8006A69F9 /* ChessUITests */ = {
			isa = PBXNativeTarget;
			buildConfigurationList = C1B62F7527B3C3B8006A69F9 /* Build configuration list for PBXNativeTarget "ChessUITests" */;
			buildPhases = (
				C1B62F6227B3C3B8006A69F9 /* Sources */,
				C1B62F6327B3C3B8006A69F9 /* Frameworks */,
				C1B62F6427B3C3B8006A69F9 /* Resources */,
			);
			buildRules = (
			);
			dependencies = (
				C1B62F6827B3C3B8006A69F9 /* PBXTargetDependency */,
			);
			name = ChessUITests;
			productName = ChessUITests;
			productReference = C1B62F6627B3C3B8006A69F9 /* ChessUITests.xctest */;
			productType = "com.apple.product-type.bundle.ui-testing";
		};
/* End PBXNativeTarget section */

/* Begin PBXProject section */
		C1B62F3D27B3C3B6006A69F9 /* Project object */ = {
			isa = PBXProject;
			attributes = {
				LastSwiftUpdateCheck = 1250;
				LastUpgradeCheck = 1250;
				TargetAttributes = {
					C1B62F4427B3C3B6006A69F9 = {
						CreatedOnToolsVersion = 12.5.1;
					};
					C1B62F5A27B3C3B8006A69F9 = {
						CreatedOnToolsVersion = 12.5.1;
						TestTargetID = C1B62F4427B3C3B6006A69F9;
					};
					C1B62F6527B3C3B8006A69F9 = {
						CreatedOnToolsVersion = 12.5.1;
						TestTargetID = C1B62F4427B3C3B6006A69F9;
					};
				};
			};
			buildConfigurationList = C1B62F4027B3C3B6006A69F9 /* Build configuration list for PBXProject "Chess" */;
			compatibilityVersion = "Xcode 9.3";
			developmentRegion = en;
			hasScannedForEncodings = 0;
			knownRegions = (
				en,
				Base,
			);
			mainGroup = C1B62F3C27B3C3B6006A69F9;
			productRefGroup = C1B62F4627B3C3B6006A69F9 /* Products */;
			projectDirPath = "";
			projectRoot = "";
			targets = (
				C1B62F4427B3C3B6006A69F9 /* Chess */,
				C1B62F5A27B3C3B8006A69F9 /* ChessTests */,
				C1B62F6527B3C3B8006A69F9 /* ChessUITests */,
			);
		};
/* End PBXProject section */

/* Begin PBXResourcesBuildPhase section */
		C1B62F4327B3C3B6006A69F9 /* Resources */ = {
			isa = PBXResourcesBuildPhase;
			buildActionMask = 2147483647;
			files = (
				C1B62F5527B3C3B8006A69F9 /* LaunchScreen.storyboard in Resources */,
				C1B62F5227B3C3B8006A69F9 /* Assets.xcassets in Resources */,
				C1B62F5027B3C3B6006A69F9 /* Main.storyboard in Resources */,
			);
			runOnlyForDeploymentPostprocessing = 0;
		};
		C1B62F5927B3C3B8006A69F9 /* Resources */ = {
			isa = PBXResourcesBuildPhase;
			buildActionMask = 2147483647;
			files = (
			);
			runOnlyForDeploymentPostprocessing = 0;
		};
		C1B62F6427B3C3B8006A69F9 /* Resources */ = {
			isa = PBXResourcesBuildPhase;
			buildActionMask = 2147483647;
			files = (
			);
			runOnlyForDeploymentPostprocessing = 0;
		};
/* End PBXResourcesBuildPhase section */

/* Begin PBXSourcesBuildPhase section */
		C1B62F4127B3C3B6006A69F9 /* Sources */ = {
			isa = PBXSourcesBuildPhase;
			buildActionMask = 2147483647;
			files = (
				C1B62F4D27B3C3B6006A69F9 /* ViewController.swift in Sources */,
				C1B62F4927B3C3B6006A69F9 /* AppDelegate.swift in Sources */,
				C1B62F4B27B3C3B6006A69F9 /* SceneDelegate.swift in Sources */,
			);
			runOnlyForDeploymentPostprocessing = 0;
		};
		C1B62F5727B3C3B8006A69F9 /* Sources */ = {
			isa = PBXSourcesBuildPhase;
			buildActionMask = 2147483647;
			files = (
				C1B62F6027B3C3B8006A69F9 /* ChessTests.swift in Sources */,
			);
			runOnlyForDeploymentPostprocessing = 0;
		};
		C1B62F6227B3C3B8006A69F9 /* Sources */ = {
			isa = PBXSourcesBuildPhase;
			buildActionMask = 2147483647;
			files = (
				C1B62F6B27B3C3B8006A69F9 /* ChessUITests.swift in Sources */,
			);
			runOnlyForDeploymentPostprocessing = 0;
		};
/* End PBXSourcesBuildPhase section */

/* Begin PBXTargetDependency section */
		C1B62F5D27B3C3B8006A69F9 /* PBXTargetDependency */ = {
			isa = PBXTargetDependency;
			target = C1B62F4427B3C3B6006A69F9 /* Chess */;
			targetProxy = C1B62F5C27B3C3B8006A69F9 /* PBXContainerItemProxy */;
		};
		C1B62F6827B3C3B8006A69F9 /* PBXTargetDependency */ = {
			isa = PBXTargetDependency;
			target = C1B62F4427B3C3B6006A69F9 /* Chess */;
			targetProxy = C1B62F6727B3C3B8006A69F9 /* PBXContainerItemProxy */;
		};
/* End PBXTargetDependency section */

/* Begin PBXVariantGroup section */
		C1B62F4E27B3C3B6006A69F9 /* Main.storyboard */ = {
			isa = PBXVariantGroup;
			children = (
				C1B62F4F27B3C3B6006A69F9 /* Base */,
			);
			name = Main.storyboard;
			sourceTree = "<group>";
		};
		C1B62F5327B3C3B8006A69F9 /* LaunchScreen.storyboard */ = {
			isa = PBXVariantGroup;
			children = (
				C1B62F5427B3C3B8006A69F9 /* Base */,
			);
			name = LaunchScreen.storyboard;
			sourceTree = "<group>";
		};
/* End PBXVariantGroup section */

/* Begin XCBuildConfiguration section */
		C1B62F6D27B3C3B8006A69F9 /* Debug */ = {
			isa = XCBuildConfiguration;
			buildSettings = {
				ALWAYS_SEARCH_USER_PATHS = NO;
				CLANG_ANALYZER_NONNULL = YES;
				CLANG_ANALYZER_NUMBER_OBJECT_CONVERSION = YES_AGGRESSIVE;
				CLANG_CXX_LANGUAGE_STANDARD = "gnu++14";
				CLANG_CXX_LIBRARY = "libc++";
				CLANG_ENABLE_MODULES = YES;
				CLANG_ENABLE_OBJC_ARC = YES;
				CLANG_ENABLE_OBJC_WEAK = YES;
				CLANG_WARN_BLOCK_CAPTURE_AUTORELEASING = YES;
				CLANG_WARN_BOOL_CONVERSION = YES;
				CLANG_WARN_COMMA = YES;
				CLANG_WARN_CONSTANT_CONVERSION = YES;
				CLANG_WARN_DEPRECATED_OBJC_IMPLEMENTATIONS = YES;
				CLANG_WARN_DIRECT_OBJC_ISA_USAGE = YES_ERROR;
				CLANG_WARN_DOCUMENTATION_COMMENTS = YES;
				CLANG_WARN_EMPTY_BODY = YES;
				CLANG_WARN_ENUM_CONVERSION = YES;
				CLANG_WARN_INFINITE_RECURSION = YES;
				CLANG_WARN_INT_CONVERSION = YES;
				CLANG_WARN_NON_LITERAL_NULL_CONVERSION = YES;
				CLANG_WARN_OBJC_IMPLICIT_RETAIN_SELF = YES;
				CLANG_WARN_OBJC_LITERAL_CONVERSION = YES;
				CLANG_WARN_OBJC_ROOT_CLASS = YES_ERROR;
				CLANG_WARN_QUOTED_INCLUDE_IN_FRAMEWORK_HEADER = YES;
				CLANG_WARN_RANGE_LOOP_ANALYSIS = YES;
				CLANG_WARN_STRICT_PROTOTYPES = YES;
				CLANG_WARN_SUSPICIOUS_MOVE = YES;
				CLANG_WARN_UNGUARDED_AVAILABILITY = YES_AGGRESSIVE;
				CLANG_WARN_UNREACHABLE_CODE = YES;
				CLANG_WARN__DUPLICATE_METHOD_MATCH = YES;
				COPY_PHASE_STRIP = NO;
				DEBUG_INFORMATION_FORMAT = dwarf;
				ENABLE_STRICT_OBJC_MSGSEND = YES;
				ENABLE_TESTABILITY = YES;
				GCC_C_LANGUAGE_STANDARD = gnu11;
				GCC_DYNAMIC_NO_PIC = NO;
				GCC_NO_COMMON_BLOCKS = YES;
				GCC_OPTIMIZATION_LEVEL = 0;
				GCC_PREPROCESSOR_DEFINITIONS = (
					"DEBUG=1",
					"$(inherited)",
				);
				GCC_WARN_64_TO_32_BIT_CONVERSION = YES;
				GCC_WARN_ABOUT_RETURN_TYPE = YES_ERROR;
				GCC_WARN_UNDECLARED_SELECTOR = YES;
				GCC_WARN_UNINITIALIZED_AUTOS = YES_AGGRESSIVE;
				GCC_WARN_UNUSED_FUNCTION = YES;
				GCC_WARN_UNUSED_VARIABLE = YES;
				IPHONEOS_DEPLOYMENT_TARGET = 14.5;
				MTL_ENABLE_DEBUG_INFO = INCLUDE_SOURCE;
				MTL_FAST_MATH = YES;
				ONLY_ACTIVE_ARCH = YES;
				SDKROOT = iphoneos;
				SWIFT_ACTIVE_COMPILATION_CONDITIONS = DEBUG;
				SWIFT_OPTIMIZATION_LEVEL = "-Onone";
			};
			name = Debug;
		};
		C1B62F6E27B3C3B8006A69F9 /* Release */ = {
			isa = XCBuildConfiguration;
			buildSettings = {
				ALWAYS_SEARCH_USER_PATHS = NO;
				CLANG_ANALYZER_NONNULL = YES;
				CLANG_ANALYZER_NUMBER_OBJECT_CONVERSION = YES_AGGRESSIVE;
				CLANG_CXX_LANGUAGE_STANDARD = "gnu++14";
				CLANG_CXX_LIBRARY = "libc++";
				CLANG_ENABLE_MODULES = YES;
				CLANG_ENABLE_OBJC_ARC = YES;
				CLANG_ENABLE_OBJC_WEAK = YES;
				CLANG_WARN_BLOCK_CAPTURE_AUTORELEASING = YES;
				CLANG_WARN_BOOL_CONVERSION = YES;
				CLANG_WARN_COMMA = YES;
				CLANG_WARN_CONSTANT_CONVERSION = YES;
				CLANG_WARN_DEPRECATED_OBJC_IMPLEMENTATIONS = YES;
				CLANG_WARN_DIRECT_OBJC_ISA_USAGE = YES_ERROR;
				CLANG_WARN_DOCUMENTATION_COMMENTS = YES;
				CLANG_WARN_EMPTY_BODY = YES;
				CLANG_WARN_ENUM_CONVERSION = YES;
				CLANG_WARN_INFINITE_RECURSION = YES;
				CLANG_WARN_INT_CONVERSION = YES;
				CLANG_WARN_NON_LITERAL_NULL_CONVERSION = YES;
				CLANG_WARN_OBJC_IMPLICIT_RETAIN_SELF = YES;
				CLANG_WARN_OBJC_LITERAL_CONVERSION = YES;
				CLANG_WARN_OBJC_ROOT_CLASS = YES_ERROR;
				CLANG_WARN_QUOTED_INCLUDE_IN_FRAMEWORK_HEADER = YES;
				CLANG_WARN_RANGE_LOOP_ANALYSIS = YES;
				CLANG_WARN_STRICT_PROTOTYPES = YES;
				CLANG_WARN_SUSPICIOUS_MOVE = YES;
				CLANG_WARN_UNGUARDED_AVAILABILITY = YES_AGGRESSIVE;
				CLANG_WARN_UNREACHABLE_CODE = YES;
				CLANG_WARN__DUPLICATE_METHOD_MATCH = YES;
				COPY_PHASE_STRIP = NO;
				DEBUG_INFORMATION_FORMAT = "dwarf-with-dsym";
				ENABLE_NS_ASSERTIONS = NO;
				ENABLE_STRICT_OBJC_MSGSEND = YES;
				GCC_C_LANGUAGE_STANDARD = gnu11;
				GCC_NO_COMMON_BLOCKS = YES;
				GCC_WARN_64_TO_32_BIT_CONVERSION = YES;
				GCC_WARN_ABOUT_RETURN_TYPE = YES_ERROR;
				GCC_WARN_UNDECLARED_SELECTOR = YES;
				GCC_WARN_UNINITIALIZED_AUTOS = YES_AGGRESSIVE;
				GCC_WARN_UNUSED_FUNCTION = YES;
				GCC_WARN_UNUSED_VARIABLE = YES;
				IPHONEOS_DEPLOYMENT_TARGET = 14.5;
				MTL_ENABLE_DEBUG_INFO = NO;
				MTL_FAST_MATH = YES;
				SDKROOT = iphoneos;
				SWIFT_COMPILATION_MODE = wholemodule;
				SWIFT_OPTIMIZATION_LEVEL = "-O";
				VALIDATE_PRODUCT = YES;
			};
			name = Release;
		};
		C1B62F7027B3C3B8006A69F9 /* Debug */ = {
			isa = XCBuildConfiguration;
			buildSettings = {
				ASSETCATALOG_COMPILER_APPICON_NAME = AppIcon;
				ASSETCATALOG_COMPILER_GLOBAL_ACCENT_COLOR_NAME = AccentColor;
				CODE_SIGN_STYLE = Automatic;
				INFOPLIST_FILE = Chess/Info.plist;
				LD_RUNPATH_SEARCH_PATHS = (
					"$(inherited)",
					"@executable_path/Frameworks",
				);
				PRODUCT_BUNDLE_IDENTIFIER = com.marcusong.Chess;
				PRODUCT_NAME = "$(TARGET_NAME)";
				SWIFT_VERSION = 5.0;
				TARGETED_DEVICE_FAMILY = "1,2";
			};
			name = Debug;
		};
		C1B62F7127B3C3B8006A69F9 /* Release */ = {
			isa = XCBuildConfiguration;
			buildSettings = {
				ASSETCATALOG_COMPILER_APPICON_NAME = AppIcon;
				ASSETCATALOG_COMPILER_GLOBAL_ACCENT_COLOR_NAME = AccentColor;
				CODE_SIGN_STYLE = Automatic;
				INFOPLIST_FILE = Chess/Info.plist;
				LD_RUNPATH_SEARCH_PATHS = (
					"$(inherited)",
					"@executable_path/Frameworks",
				);
				PRODUCT_BUNDLE_IDENTIFIER = com.marcusong.Chess;
				PRODUCT_NAME = "$(TARGET_NAME)";
				SWIFT_VERSION = 5.0;
				TARGETED_DEVICE_FAMILY = "1,2";
			};
			name = Release;
		};
		C1B62F7327B3C3B8006A69F9 /* Debug */ = {
			isa = XCBuildConfiguration;
			buildSettings = {
				ALWAYS_EMBED_SWIFT_STANDARD_LIBRARIES = YES;
				BUNDLE_LOADER = "$(TEST_HOST)";
				CODE_SIGN_STYLE = Automatic;
				INFOPLIST_FILE = ChessTests/Info.plist;
				IPHONEOS_DEPLOYMENT_TARGET = 14.5;
				LD_RUNPATH_SEARCH_PATHS = (
					"$(inherited)",
					"@executable_path/Frameworks",
					"@loader_path/Frameworks",
				);
				PRODUCT_BUNDLE_IDENTIFIER = com.marcusong.ChessTests;
				PRODUCT_NAME = "$(TARGET_NAME)";
				SWIFT_VERSION = 5.0;
				TARGETED_DEVICE_FAMILY = "1,2";
				TEST_HOST = "$(BUILT_PRODUCTS_DIR)/Chess.app/Chess";
			};
			name = Debug;
		};
		C1B62F7427B3C3B8006A69F9 /* Release */ = {
			isa = XCBuildConfiguration;
			buildSettings = {
				ALWAYS_EMBED_SWIFT_STANDARD_LIBRARIES = YES;
				BUNDLE_LOADER = "$(TEST_HOST)";
				CODE_SIGN_STYLE = Automatic;
				INFOPLIST_FILE = ChessTests/Info.plist;
				IPHONEOS_DEPLOYMENT_TARGET = 14.5;
				LD_RUNPATH_SEARCH_PATHS = (
					"$(inherited)",
					"@executable_path/Frameworks",
					"@loader_path/Frameworks",
				);
				PRODUCT_BUNDLE_IDENTIFIER = com.marcusong.ChessTests;
				PRODUCT_NAME = "$(TARGET_NAME)";
				SWIFT_VERSION = 5.0;
				TARGETED_DEVICE_FAMILY = "1,2";
				TEST_HOST = "$(BUILT_PRODUCTS_DIR)/Chess.app/Chess";
			};
			name = Release;
		};
		C1B62F7627B3C3B8006A69F9 /* Debug */ = {
			isa = XCBuildConfiguration;
			buildSettings = {
				ALWAYS_EMBED_SWIFT_STANDARD_LIBRARIES = YES;
				CODE_SIGN_STYLE = Automatic;
				INFOPLIST_FILE = ChessUITests/Info.plist;
				LD_RUNPATH_SEARCH_PATHS = (
					"$(inherited)",
					"@executable_path/Frameworks",
					"@loader_path/Frameworks",
				);
				PRODUCT_BUNDLE_IDENTIFIER = com.marcusong.ChessUITests;
				PRODUCT_NAME = "$(TARGET_NAME)";
				SWIFT_VERSION = 5.0;
				TARGETED_DEVICE_FAMILY = "1,2";
				TEST_TARGET_NAME = Chess;
			};
			name = Debug;
		};
		C1B62F7727B3C3B8006A69F9 /* Release */ = {
			isa = XCBuildConfiguration;
			buildSettings = {
				ALWAYS_EMBED_SWIFT_STANDARD_LIBRARIES = YES;
				CODE_SIGN_STYLE = Automatic;
				INFOPLIST_FILE = ChessUITests/Info.plist;
				LD_RUNPATH_SEARCH_PATHS = (
					"$(inherited)",
					"@executable_path/Frameworks",
					"@loader_path/Frameworks",
				);
				PRODUCT_BUNDLE_IDENTIFIER = com.marcusong.ChessUITests;
				PRODUCT_NAME = "$(TARGET_NAME)";
				SWIFT_VERSION = 5.0;
				TARGETED_DEVICE_FAMILY = "1,2";
				TEST_TARGET_NAME = Chess;
			};
			name = Release;
		};
/* End XCBuildConfiguration section */

/* Begin XCConfigurationList section */
		C1B62F4027B3C3B6006A69F9 /* Build configuration list for PBXProject "Chess" */ = {
			isa = XCConfigurationList;
			buildConfigurations = (
				C1B62F6D27B3C3B8006A69F9 /* Debug */,
				C1B62F6E27B3C3B8006A69F9 /* Release */,
			);
			defaultConfigurationIsVisible = 0;
			defaultConfigurationName = Release;
		};
		C1B62F6F27B3C3B8006A69F9 /* Build configuration list for PBXNativeTarget "Chess" */ = {
			isa = XCConfigurationList;
			buildConfigurations = (
				C1B62F7027B3C3B8006A69F9 /* Debug */,
				C1B62F7127B3C3B8006A69F9 /* Release */,
			);
			defaultConfigurationIsVisible = 0;
			defaultConfigurationName = Release;
		};
		C1B62F7227B3C3B8006A69F9 /* Build configuration list for PBXNativeTarget "ChessTests" */ = {
			isa = XCConfigurationList;
			buildConfigurations = (
				C1B62F7327B3C3B8006A69F9 /* Debug */,
				C1B62F7427B3C3B8006A69F9 /* Release */,
			);
			defaultConfigurationIsVisible = 0;
			defaultConfigurationName = Release;
		};
		C1B62F7527B3C3B8006A69F9 /* Build configuration list for PBXNativeTarget "ChessUITests" */ = {
			isa = XCConfigurationList;
			buildConfigurations = (
				C1B62F7627B3C3B8006A69F9 /* Debug */,
				C1B62F7727B3C3B8006A69F9 /* Release */,
			);
			defaultConfigurationIsVisible = 0;
			defaultConfigurationName = Release;
		};
/* End XCConfigurationList section */
	};
	rootObject = C1B62F3D27B3C3B6006A69F9 /* Project object */;
}
